
Microsoft Visual Studio Solution File, Format Version 10.00
# Visual Studio 2008
Project("{8BC9CEB8-8B4A-11D0-8D11-00A0C91BC942}") = "1006", "1006.vcproj", "{DBE6E849-35F9-4447-972B-FD5FF8D9CAD9}"
EndProject
Global
	GlobalSection(SolutionConfigurationPlatforms) = preSolution
		Debug|Win32 = Debug|Win32
		Release|Win32 = Release|Win32
	EndGlobalSection
	GlobalSection(ProjectConfigurationPlatforms) = postSolution
		{DBE6E849-35F9-4447-972B-FD5FF8D9CAD9}.Debug|Win32.ActiveCfg = Debug|Win32
		{DBE6E849-35F9-4447-972B-FD5FF8D9CAD9}.Debug|Win32.Build.0 = Debug|Win32
		{DBE6E849-35F9-4447-972B-FD5FF8D9CAD9}.Release|Win32.ActiveCfg = Release|Win32
		{DBE6E849-35F9-4447-972B-FD5FF8D9CAD9}.Release|Win32.Build.0 = Release|Win32
	EndGlobalSection
	GlobalSection(SolutionProperties) = preSolution
		HideSolutionNode = FALSE
	EndGlobalSection
EndGlobal
